
Microsoft Visual Studio Solution File, Format Version 12.00
# Visual Studio Version 17
VisualStudioVersion = 17.9.34902.65
MinimumVisualStudioVersion = 10.0.40219.1
Project("{FAE04EC0-301F-11D3-BF4B-00C04F79EFBC}") = "WpfApp1", "WpfApp1\WpfApp1.csproj", "{721EFEDA-46D8-4B41-9C7E-B9E68E1A22BE}"
EndProject
Global
	GlobalSection(SolutionConfigurationPlatforms) = preSolution
		Debug|Any CPU = Debug|Any CPU
		Release|Any CPU = Release|Any CPU
	EndGlobalSection
	GlobalSection(ProjectConfigurationPlatforms) = postSolution
		{721EFEDA-46D8-4B41-9C7E-B9E68E1A22BE}.Debug|Any CPU.ActiveCfg = Debug|Any CPU
		{721EFEDA-46D8-4B41-9C7E-B9E68E1A22BE}.Debug|Any CPU.Build.0 = Debug|Any CPU
		{721EFEDA-46D8-4B41-9C7E-B9E68E1A22BE}.Release|Any CPU.ActiveCfg = Release|Any CPU
		{721EFEDA-46D8-4B41-9C7E-B9E68E1A22BE}.Release|Any CPU.Build.0 = Release|Any CPU
	EndGlobalSection
	GlobalSection(SolutionProperties) = preSolution
		HideSolutionNode = FALSE
	EndGlobalSection
	GlobalSection(ExtensibilityGlobals) = postSolution
		SolutionGuid = {F4C5CE94-D925-4B39-8542-3D2C40EE28E5}
	EndGlobalSection
EndGlobal
